<?xml version="1.0" encoding="utf-8"?>
<Project ToolsVersion="4.0" xmlns="http://schemas.microsoft.com/developer/msbuild/2003">
  <ItemGroup>
    <Filter Include="Source Files">
      <UniqueIdentifier>{4FC737F1-C7A5-4376-A066-2A32D752A2FF}</UniqueIdentifier>
      <Extensions>cpp;c;cc;cxx;c++;cppm;ixx;def;odl;idl;hpj;bat;asm;asmx</Extensions>
    </Filter>
    <Filter Include="Header Files">
      <UniqueIdentifier>{93995380-89BD-4b04-88EB-625FBE52EBFB}</UniqueIdentifier>
      <Extensions>h;hh;hpp;hxx;h++;hm;inl;inc;ipp;xsd</Extensions>
    </Filter>
    <Filter Include="Resource Files">
      <UniqueIdentifier>{67DA6AB6-F800-4c08-8B7A-83BB121AAD01}</UniqueIdentifier>
      <Extensions>rc;ico;cur;bmp;dlg;rc2;rct;bin;rgs;gif;jpg;jpeg;jpe;resx;tiff;tif;png;wav;mfcribbon-ms</Extensions>
    </Filter>
    <Filter Include="Source Files\imgui">
      <UniqueIdentifier>{89915804-c541-473a-bb9e-c26becc51339}</UniqueIdentifier>
    </Filter>
    <Filter Include="Source Files\glad">
      <UniqueIdentifier>{5150cf9c-cb91-42c1-9331-8bd748564c27}</UniqueIdentifier>
    </Filter>
  </ItemGroup>
  <ItemGroup>
    <ClCompile Include="src\main.cpp">
      <Filter>Source Files</Filter>
    </ClCompile>
    <ClCompile Include="src\drawable.cpp">
      <Filter>Source Files</Filter>
    </ClCompile>
    <ClCompile Include="src\mygl.cpp">
      <Filter>Source Files</Filter>
    </ClCompile>
    <ClCompile Include="src\shaderprogram.cpp">
      <Filter>Source Files</Filter>
    </ClCompile>
    <ClCompile Include="thirdParty\imgui-master\imgui.cpp">
      <Filter>Source Files\imgui</Filter>
    </ClCompile>
    <ClCompile Include="thirdParty\imgui-master\imgui_demo.cpp">
      <Filter>Source Files\imgui</Filter>
    </ClCompile>
    <ClCompile Include="thirdParty\imgui-master\imgui_draw.cpp">
      <Filter>Source Files\imgui</Filter>
    </ClCompile>
    <ClCompile Include="thirdParty\imgui-master\imgui_impl_glfw.cpp">
      <Filter>Source Files\imgui</Filter>
    </ClCompile>
    <ClCompile Include="thirdParty\imgui-master\imgui_impl_opengl3.cpp">
      <Filter>Source Files\imgui</Filter>
    </ClCompile>
    <ClCompile Include="thirdParty\imgui-master\imgui_stdlib.cpp">
      <Filter>Source Files\imgui</Filter>
    </ClCompile>
    <ClCompile Include="thirdParty\imgui-master\imgui_tables.cpp">
      <Filter>Source Files\imgui</Filter>
    </ClCompile>
    <ClCompile Include="thirdParty\imgui-master\imgui_widgets.cpp">
      <Filter>Source Files\imgui</Filter>
    </ClCompile>
    <ClCompile Include="thirdParty\glad.c">
      <Filter>Source Files\glad</Filter>
    </ClCompile>
    <ClCompile Include="src\quad.cpp">
      <Filter>Source Files</Filter>
    </ClCompile>
    <ClCompile Include="src\fluidsimulator.cpp">
      <Filter>Source Files</Filter>
    </ClCompile>
  </ItemGroup>
  <ItemGroup>
    <ClInclude Include="include\glm_includes.h">
      <Filter>Header Files</Filter>
    </ClInclude>
    <ClInclude Include="include\drawable.h">
      <Filter>Header Files</Filter>
    </ClInclude>
    <ClInclude Include="include\mygl.h">
      <Filter>Header Files</Filter>
    </ClInclude>
    <ClInclude Include="include\shaderprogram.h">
      <Filter>Header Files</Filter>
    </ClInclude>
    <ClInclude Include="include\quad.h">
      <Filter>Header Files</Filter>
    </ClInclude>
    <ClInclude Include="include\fluidsimulator.h">
      <Filter>Header Files</Filter>
    </ClInclude>
  </ItemGroup>
  <ItemGroup>
    <None Include="glsl\overlay.frag.glsl" />
    <None Include="glsl\overlay.vert.glsl" />
  </ItemGroup>
</Project>